// !$*UTF8*$!
{
	archiveVersion = 1;
	classes = {
	};
	objectVersion = 77;
	objects = {

/* Begin PBXBuildFile section */
		027D3EF78BC8C0C78C93C0A1 /* NativeCameraView.swift in Sources */ = {isa = PBXBuildFile; fileRef = 50A7D02F1E536442E29D49D9 /* NativeCameraView.swift */; };
		0FD34B809229902CBC8B93E4 /* AnimalSpeciesClassifierV4.mlpackage in Sources */ = {isa = PBXBuildFile; fileRef = 2F29BCF89178C64B4739A2AB /* AnimalSpeciesClassifierV4.mlpackage */; };
		11D70B5B2D9EDB69935949BA /* Belanosima-Bold.ttf in Resources */ = {isa = PBXBuildFile; fileRef = B0E532B8632E07F098AFB3E6 /* Belanosima-Bold.ttf */; };
		13BCCC3DD2022C8E128E547F /* ApplePencilARInteractionAdapter.swift in Sources */ = {isa = PBXBuildFile; fileRef = 3FADFE5DFDF659D454E3BA77 /* ApplePencilARInteractionAdapter.swift */; };
		13C2B40F3AFF373384C6C980 /* BackgroundMusicController.swift in Sources */ = {isa = PBXBuildFile; fileRef = 9EE90F6412F5F369372EE9B1 /* BackgroundMusicController.swift */; };
		14A8997CC7320C06837A1E6D /* FallingLeaf.usdz in Resources */ = {isa = PBXBuildFile; fileRef = AFFC32D15A82213222A8F663 /* FallingLeaf.usdz */; };
		14E0F3A22664BD8E21247DCB /* DrawingView.swift in Sources */ = {isa = PBXBuildFile; fileRef = 3109A1C2F38EA9D1B09AC761 /* DrawingView.swift */; };
		1C57FA6C7B83384C09BE445E /* Belanosima-Regular.ttf in Resources */ = {isa = PBXBuildFile; fileRef = B4E58B3CC3AFC038C740AE7F /* Belanosima-Regular.ttf */; };
		1EFBB4E950682F2E1B83B960 /* HanddrawnDetailComponents.swift in Sources */ = {isa = PBXBuildFile; fileRef = 9D2873D8CA1B4C80B771AC88 /* HanddrawnDetailComponents.swift */; };
		22647653FD6285E5B2C2ED7F /* Assets.xcassets in Resources */ = {isa = PBXBuildFile; fileRef = 1056000C4958CB23F9F1962F /* Assets.xcassets */; };
		23536E21FFD49AE328B19683 /* TokyoSpringAmbience.mp3 in Resources */ = {isa = PBXBuildFile; fileRef = 3D53C994E9C15ADE91725C33 /* TokyoSpringAmbience.mp3 */; };
		238238874722D44037214247 /* Birds.usdz in Resources */ = {isa = PBXBuildFile; fileRef = 14A60964229B227465EE8AD4 /* Birds.usdz */; };
		2450F58C34EAD53998B320DF /* bgm_home.mp3 in Resources */ = {isa = PBXBuildFile; fileRef = F7C74CD3B8EAD9B7B9BDA567 /* bgm_home.mp3 */; };
		26693A08C4414095B014E834 /* GuidePopupView.swift in Sources */ = {isa = PBXBuildFile; fileRef = 572B13DCC5615E1E3C5D41CB /* GuidePopupView.swift */; };
		33C7B3934EE46C001FFCB4F4 /* CutoutProcessing.swift in Sources */ = {isa = PBXBuildFile; fileRef = EF72DAD7EAE83E011DE1C6B0 /* CutoutProcessing.swift */; };
		35DBB73FBA018A10878D0ECC /* ButtonSfx.mp3 in Resources */ = {isa = PBXBuildFile; fileRef = D6F9B88EF207E0F2806EB8A8 /* ButtonSfx.mp3 */; };
		3A12C5CC4943AED59E538F00 /* ARObjectPlacementView.swift in Sources */ = {isa = PBXBuildFile; fileRef = 9CDE37149DAAF6E01CF8529B /* ARObjectPlacementView.swift */; };
		3B17930B7D49F78B8961394B /* NativeCameraPhotoLibrarySaver.swift in Sources */ = {isa = PBXBuildFile; fileRef = FC0C395CEF5A822CFE8E9D80 /* NativeCameraPhotoLibrarySaver.swift */; };
		40CD2E69C46CBF46BBFBD627 /* NativeCameraComponent.swift in Sources */ = {isa = PBXBuildFile; fileRef = F24449E97DD175CB453743E9 /* NativeCameraComponent.swift */; };
		4C0833C4B1468F1303B4D042 /* ArtworkCategory.swift in Sources */ = {isa = PBXBuildFile; fileRef = 374F07DE0B3BD252E95351AC /* ArtworkCategory.swift */; };
		4D1137274174644913C62FEB /* RenderingExtensions.swift in Sources */ = {isa = PBXBuildFile; fileRef = FB04EC14855FAFB18E2FF3CA /* RenderingExtensions.swift */; };
		52951D7CBBCED01D1286B30A /* CanvasPageView.swift in Sources */ = {isa = PBXBuildFile; fileRef = 3D845F0194D1C9C9AAC61B74 /* CanvasPageView.swift */; };
		52A0FC23716282EDBFC2BBEC /* SceneObjectRegistry.swift in Sources */ = {isa = PBXBuildFile; fileRef = 9778910D692B95FCDDDCC7BE /* SceneObjectRegistry.swift */; };
		52C8D2E955759C78310B26BE /* RoomCoordinator.swift in Sources */ = {isa = PBXBuildFile; fileRef = 4D95C0DEC311CC7C5F91F8FA /* RoomCoordinator.swift */; };
		53D0A252C7C4C216EAD2CA04 /* ContentView.swift in Sources */ = {isa = PBXBuildFile; fileRef = 4CED9A2C7B028CCDA510DB13 /* ContentView.swift */; };
		5666F9C075BEE2EF7C39DC68 /* PlacedCutout.swift in Sources */ = {isa = PBXBuildFile; fileRef = 497E64ECEAF6E2DD0D33FF60 /* PlacedCutout.swift */; };
		58B38D15B4AC93EC46B47599 /* AudioAsset.swift in Sources */ = {isa = PBXBuildFile; fileRef = 1F3C60D05A8A680C5F5AC01A /* AudioAsset.swift */; };
		5B65D23140A6A9FD8616DFD1 /* BackpackPageView.swift in Sources */ = {isa = PBXBuildFile; fileRef = DB73231B83858CE30A584E76 /* BackpackPageView.swift */; };
		5DC5C0675EF4255ED7A443AC /* MotionSimulation.swift in Sources */ = {isa = PBXBuildFile; fileRef = F79C4D0B0C89E59A55C61C77 /* MotionSimulation.swift */; };
		5ECC2E7EA7F00AEE2202411A /* CutoutLibraryCell.swift in Sources */ = {isa = PBXBuildFile; fileRef = DF3AE5F1149E5EE94DA83DCB /* CutoutLibraryCell.swift */; };
		5F3C8803632E53333AEE0A77 /* ObjectInteractionManager.swift in Sources */ = {isa = PBXBuildFile; fileRef = C7C1BD8206822C9C1F1BE681 /* ObjectInteractionManager.swift */; };
		5F408F8BEDDE48489A3354E0 /* HelpPageView.swift in Sources */ = {isa = PBXBuildFile; fileRef = 526F6226738360D3BFA9F745 /* HelpPageView.swift */; };
		60E9D44AB586AA0761609532 /* CustomButton.swift in Sources */ = {isa = PBXBuildFile; fileRef = E67231FD4CC90120FA5A8816 /* CustomButton.swift */; };
		6995E07D55F8C2B65FBC8520 /* HapticFeedback.swift in Sources */ = {isa = PBXBuildFile; fileRef = 45EEFB3CA9E6E41E8EF5F863 /* HapticFeedback.swift */; };
		6A0E3D60283807F212117D49 /* SavedDrawing.swift in Sources */ = {isa = PBXBuildFile; fileRef = 1DAA311C033600B1DDDD3076 /* SavedDrawing.swift */; };
		6D5CDA8CFFB5656A02CB12F6 /* TreeStump.usdz in Resources */ = {isa = PBXBuildFile; fileRef = 15945EA983940214C874F789 /* TreeStump.usdz */; };
		729EDAB09EC71129954688C1 /* CheckerboardBackground.swift in Sources */ = {isa = PBXBuildFile; fileRef = 4C42A5F7827BC9BF52320A58 /* CheckerboardBackground.swift */; };
		770D5195FCE4F19DF4BA122A /* AudioManager.swift in Sources */ = {isa = PBXBuildFile; fileRef = 19D044F34FEBE90F2C670DAF /* AudioManager.swift */; };
		777E5C8E290C9B74ACD98DA4 /* ARPlacementControls.swift in Sources */ = {isa = PBXBuildFile; fileRef = 3008F9139DC3DE1CEAB9110A /* ARPlacementControls.swift */; };
		A3E2D9C7B4F8106A23D1C5E7 /* ARReturnRecoveryView.swift in Sources */ = {isa = PBXBuildFile; fileRef = A3E2D9C7B4F8106A23D1C5E8 /* ARReturnRecoveryView.swift */; };
		78B68279909933EA3C6FA541 /* ARObjectPlacementRealityView.swift in Sources */ = {isa = PBXBuildFile; fileRef = 6DCB7CDB2CFDF948B9B48FD9 /* ARObjectPlacementRealityView.swift */; };
		79BA8D0499B8FA9652D7FA07 /* DoodleClassificationCoordinator.swift in Sources */ = {isa = PBXBuildFile; fileRef = 5F6458A3C1D6EDF4E10B748B /* DoodleClassificationCoordinator.swift */; };
		7ABEDE3824DF60C4DEF144D7 /* SurfaceProjectors.swift in Sources */ = {isa = PBXBuildFile; fileRef = EDC59EFBE2CE6A234487AF61 /* SurfaceProjectors.swift */; };
		7B9A5F927CDACF2F8DB5BD14 /* Broccoli.usdz in Resources */ = {isa = PBXBuildFile; fileRef = 7E95D21FD93F529ED803C3C9 /* Broccoli.usdz */; };
		7CB7A117E3B1647F5D11674C /* RealityRoomView.swift in Sources */ = {isa = PBXBuildFile; fileRef = 6B6D46834DBB24A132289CD5 /* RealityRoomView.swift */; };
		7CEF23E11CC5EA193748F74E /* ColorToken.swift in Sources */ = {isa = PBXBuildFile; fileRef = C865A342D8F33249F737C2E3 /* ColorToken.swift */; };
		815A5F2730DBF9F00DB94FDB /* NewARPlacementView.swift in Sources */ = {isa = PBXBuildFile; fileRef = 07954F7435CB09E69BD4E42C /* NewARPlacementView.swift */; };
		8235E49425717B0E8D593972 /* MenuView.swift in Sources */ = {isa = PBXBuildFile; fileRef = A2F1CE7084EE88134E097B8C /* MenuView.swift */; };
		860690FF4BD8959564D6ABBA /* ShadowEntityFactory.swift in Sources */ = {isa = PBXBuildFile; fileRef = 1DF2E3B9D1A0A13A038B20B8 /* ShadowEntityFactory.swift */; };
		861E7790D29BCAF6C06A0BD3 /* SoftShadowTexture.swift in Sources */ = {isa = PBXBuildFile; fileRef = DCC1965FB652E22D336B0E28 /* SoftShadowTexture.swift */; };
		87681B09FE24242A14664D7E /* CutoutLibraryViewModel.swift in Sources */ = {isa = PBXBuildFile; fileRef = 30AF0946854BC84F07AC8FE7 /* CutoutLibraryViewModel.swift */; };
		8B9B9FECFAC163B376AA1EA9 /* CutoutAsset.swift in Sources */ = {isa = PBXBuildFile; fileRef = 6FCCE1078DBBA4BB18192325 /* CutoutAsset.swift */; };
		8C3CB096710C0F7ACEFE478F /* CutoutLibraryView.swift in Sources */ = {isa = PBXBuildFile; fileRef = 1D7AB03B73A29D857926064C /* CutoutLibraryView.swift */; };
		8F7C3A695681B127019DC85A /* NativeCameraViewModel.swift in Sources */ = {isa = PBXBuildFile; fileRef = 5C6FAB161403EB91BD9E76BD /* NativeCameraViewModel.swift */; };
		8F977B647FCFB7DB2650BD66 /* CanvasTopBarView.swift in Sources */ = {isa = PBXBuildFile; fileRef = 5CBCB32D841B71E6C923F0A7 /* CanvasTopBarView.swift */; };
		92AEEB6F65B29F698511F4E7 /* Croissant.usdz in Resources */ = {isa = PBXBuildFile; fileRef = AE185F0D5C9434A5A272154D /* Croissant.usdz */; };
		94364846B4A9176583B7DCCD /* CutoutSceneEditor.swift in Sources */ = {isa = PBXBuildFile; fileRef = F65C15C726D6F18A4E95A1A9 /* CutoutSceneEditor.swift */; };
		9D439EC03C5A72F3802DE170 /* CutoutRigAnalysis.swift in Sources */ = {isa = PBXBuildFile; fileRef = 2510A11311659E0CA86DE7DC /* CutoutRigAnalysis.swift */; };
		9F88C33710832994271AE469 /* ArtworkLibraryStore.swift in Sources */ = {isa = PBXBuildFile; fileRef = AB493650D46766B4E150263A /* ArtworkLibraryStore.swift */; };
		A16FBDA90F84D5CFD65AE756 /* CutoutEntityFactory.swift in Sources */ = {isa = PBXBuildFile; fileRef = 7B45D397A15FAD98502288ED /* CutoutEntityFactory.swift */; };
		A23419E6C14868EADE6A710E /* ArtworkRepository.swift in Sources */ = {isa = PBXBuildFile; fileRef = 1F0850761218A200FA8B9746 /* ArtworkRepository.swift */; };
		AAF9A1180AE8B759F265B5C0 /* AppRoute.swift in Sources */ = {isa = PBXBuildFile; fileRef = DED0B6AC60C494DD24513C40 /* AppRoute.swift */; };
		AB4D82FA26FAF5126F3A512F /* AudioSessionManager.swift in Sources */ = {isa = PBXBuildFile; fileRef = 750DC07EB6914BEDCF2A09CD /* AudioSessionManager.swift */; };
		B0E8EBFAE7337A52B64093D5 /* HanddrawnDetailView.swift in Sources */ = {isa = PBXBuildFile; fileRef = 25D3CE7871EC04C6486457B0 /* HanddrawnDetailView.swift */; };
		B11353851029BABE500F4A33 /* LocomotionConfiguration.swift in Sources */ = {isa = PBXBuildFile; fileRef = 6CB2E9D62A1F93685BEBEDC7 /* LocomotionConfiguration.swift */; };
		B23CB37854263F4F6F449842 /* CutoutDeformation.metal in Sources */ = {isa = PBXBuildFile; fileRef = 28C93ED0E5BF6740E0D2AF3C /* CutoutDeformation.metal */; };
		B6D2B25EE793BC67808DF3EF /* WaterMelon.usdz in Resources */ = {isa = PBXBuildFile; fileRef = 777390A8652DBF52D2DA8707 /* WaterMelon.usdz */; };
		B7CC4CE9B0856E5000E30720 /* DoodleClassification.swift in Sources */ = {isa = PBXBuildFile; fileRef = 003938F0BA9A6E339E0A3DF7 /* DoodleClassification.swift */; };
		B831F7BADE370181A7AA4C6A /* tap.mp3 in Resources */ = {isa = PBXBuildFile; fileRef = 8331F114D19F860980D9EF08 /* tap.mp3 */; };
		BB53D54C605D2C5E98A784A2 /* PhotoLibrarySaver.swift in Sources */ = {isa = PBXBuildFile; fileRef = 0926F18D139B17F4D179B401 /* PhotoLibrarySaver.swift */; };
		C32D72C63BCC2238F0B3AEB8 /* UIImage+Vision.swift in Sources */ = {isa = PBXBuildFile; fileRef = 2451402279F2F05AC71AA2C2 /* UIImage+Vision.swift */; };
		C5D9756043F6F67897DBB3F2 /* SidebarbarBackpack.swift in Sources */ = {isa = PBXBuildFile; fileRef = 4F276AC999DC428A1F9AF535 /* SidebarbarBackpack.swift */; };
		C6497AEB1DDBC615135BAD80 /* MotionLabView.swift in Sources */ = {isa = PBXBuildFile; fileRef = A099A1BD59FA4827168D1CE1 /* MotionLabView.swift */; };
		C7254D1AA89D96211679FACE /* AnimagicApp.swift in Sources */ = {isa = PBXBuildFile; fileRef = AFF8732AED8B2D31AECF309E /* AnimagicApp.swift */; };
		CB4F7EBFD0CB351569DFFEF4 /* InteractionModels.swift in Sources */ = {isa = PBXBuildFile; fileRef = A26A0FAF4B1151615789C36C /* InteractionModels.swift */; };
		CC15A56C951BE36EFF11D4C6 /* HomeFloatingDecorations.swift in Sources */ = {isa = PBXBuildFile; fileRef = F5AA0C57B0D509FD416F7127 /* HomeFloatingDecorations.swift */; };
		D174C1ADB23E22980A38F6F0 /* Belanosima-SemiBold.ttf in Resources */ = {isa = PBXBuildFile; fileRef = 312B749BA41546EFAD11957D /* Belanosima-SemiBold.ttf */; };
		D3417E7C6E2E0C2D361E8AFA /* StandalonePlaceholderView.swift in Sources */ = {isa = PBXBuildFile; fileRef = 11763A92E0DA7FC72D433444 /* StandalonePlaceholderView.swift */; };
		D3A4B65177902205E6DC1D57 /* AnimagicDesignSystem.swift in Sources */ = {isa = PBXBuildFile; fileRef = 1988D6EAD5F91961541F92FF /* AnimagicDesignSystem.swift */; };
		D4A34EFEB486D6AC736DA3C2 /* MotionOrientationStore.swift in Sources */ = {isa = PBXBuildFile; fileRef = F562669B7E4A96F0C63DF7EB /* MotionOrientationStore.swift */; };
		D52111E5D1DD25FE1499B7AD /* AppRoute+Modifier.swift in Sources */ = {isa = PBXBuildFile; fileRef = DDA245B2804A11B81BE7F3DF /* AppRoute+Modifier.swift */; };
		D6AB40DEEC6444D08179A8D4 /* USDZModelPlacement.swift in Sources */ = {isa = PBXBuildFile; fileRef = 2BBA987867DEE41501405418 /* USDZModelPlacement.swift */; };
		D81889DC54FAE6A3174B8E84 /* ARSceneController.swift in Sources */ = {isa = PBXBuildFile; fileRef = DA28D97F5DBD8D73C5BAEA6B /* ARSceneController.swift */; };
		D92A6C4E8B1F3A5076D9E204 /* ARSelectedContentIndicator.swift in Sources */ = {isa = PBXBuildFile; fileRef = B41D7E6F1C2A4D5098E7F603 /* ARSelectedContentIndicator.swift */; };
		DB58553C7B62677B1F484FC1 /* CutoutRenderingResources.swift in Sources */ = {isa = PBXBuildFile; fileRef = F7C14C40FA17AFA980F7B8EB /* CutoutRenderingResources.swift */; };
		DECBBFB607F1055C91694EC1 /* ClassifiedCutoutFactory.swift in Sources */ = {isa = PBXBuildFile; fileRef = 279B4A313348267A9459540B /* ClassifiedCutoutFactory.swift */; };
		E409CAC5BEAA5A7364C61C24 /* ShareSheet.swift in Sources */ = {isa = PBXBuildFile; fileRef = CE572D0F1E44166EB3C8BFE1 /* ShareSheet.swift */; };
		EA98195D4C8D7961DE1681B7 /* ArtworkPersistence.swift in Sources */ = {isa = PBXBuildFile; fileRef = 84F673B5D57078AAD0167A19 /* ArtworkPersistence.swift */; };
		EC0BF8E0F69BBFFE35B038E7 /* NativeCameraPreview.swift in Sources */ = {isa = PBXBuildFile; fileRef = 57C1199A190239AB9F6B73E6 /* NativeCameraPreview.swift */; };
		EC67889AF56BDE8DACB33C4C /* VirtualRoomView.swift in Sources */ = {isa = PBXBuildFile; fileRef = 8F279D10FEC954C0951476F9 /* VirtualRoomView.swift */; };
		F5F96B3C3217F11A9A3C21D7 /* DrawingSessionManager.swift in Sources */ = {isa = PBXBuildFile; fileRef = 68EB8098C2BC51B88A259A2B /* DrawingSessionManager.swift */; };
		F763E61BFE2A0E6DEFA1AA10 /* ARViewInteractionAdapter.swift in Sources */ = {isa = PBXBuildFile; fileRef = 739E2CAAAF1E1DD518F9A6A3 /* ARViewInteractionAdapter.swift */; };
		FC3FA727CD38D1E3AEE4EA4D /* VisionForegroundCutoutProcessor.swift in Sources */ = {isa = PBXBuildFile; fileRef = BC4816B44B98083E8C5A2F20 /* VisionForegroundCutoutProcessor.swift */; };
		FD2F7FAEC722957CB90D7DD0 /* ExpandableActionMenu.swift in Sources */ = {isa = PBXBuildFile; fileRef = 06573462B1119264F3AD812E /* ExpandableActionMenu.swift */; };
		FF835DCF8EF6498E779F0342 /* BackpackComponents.swift in Sources */ = {isa = PBXBuildFile; fileRef = BDE0DA91DBB5B0E50525DB0F /* BackpackComponents.swift */; };
		FF941C308B8B099A0C0349E2 /* DrawingRasterizer.swift in Sources */ = {isa = PBXBuildFile; fileRef = C4B97E7F025CFC89380B03CD /* DrawingRasterizer.swift */; };
		FFC7B65E3FBFAFCF239C1861 /* VirtualRoomModels.swift in Sources */ = {isa = PBXBuildFile; fileRef = AAEF6055646F729702EE453A /* VirtualRoomModels.swift */; };
/* End PBXBuildFile section */

/* Begin PBXFileReference section */
		003938F0BA9A6E339E0A3DF7 /* DoodleClassification.swift */ = {isa = PBXFileReference; lastKnownFileType = sourcecode.swift; path = DoodleClassification.swift; sourceTree = "<group>"; };
		06573462B1119264F3AD812E /* ExpandableActionMenu.swift */ = {isa = PBXFileReference; lastKnownFileType = sourcecode.swift; path = ExpandableActionMenu.swift; sourceTree = "<group>"; };
		07954F7435CB09E69BD4E42C /* NewARPlacementView.swift */ = {isa = PBXFileReference; lastKnownFileType = sourcecode.swift; path = NewARPlacementView.swift; sourceTree = "<group>"; };
		0926F18D139B17F4D179B401 /* PhotoLibrarySaver.swift */ = {isa = PBXFileReference; lastKnownFileType = sourcecode.swift; path = PhotoLibrarySaver.swift; sourceTree = "<group>"; };
		1056000C4958CB23F9F1962F /* Assets.xcassets */ = {isa = PBXFileReference; lastKnownFileType = folder.assetcatalog; path = Assets.xcassets; sourceTree = "<group>"; };
		11763A92E0DA7FC72D433444 /* StandalonePlaceholderView.swift */ = {isa = PBXFileReference; lastKnownFileType = sourcecode.swift; path = StandalonePlaceholderView.swift; sourceTree = "<group>"; };
		14A60964229B227465EE8AD4 /* Birds.usdz */ = {isa = PBXFileReference; lastKnownFileType = file.usdz; path = Birds.usdz; sourceTree = "<group>"; };
		15945EA983940214C874F789 /* TreeStump.usdz */ = {isa = PBXFileReference; lastKnownFileType = file.usdz; path = TreeStump.usdz; sourceTree = "<group>"; };
		1988D6EAD5F91961541F92FF /* AnimagicDesignSystem.swift */ = {isa = PBXFileReference; lastKnownFileType = sourcecode.swift; path = AnimagicDesignSystem.swift; sourceTree = "<group>"; };
		19D044F34FEBE90F2C670DAF /* AudioManager.swift */ = {isa = PBXFileReference; lastKnownFileType = sourcecode.swift; path = AudioManager.swift; sourceTree = "<group>"; };
		1D7AB03B73A29D857926064C /* CutoutLibraryView.swift */ = {isa = PBXFileReference; lastKnownFileType = sourcecode.swift; path = CutoutLibraryView.swift; sourceTree = "<group>"; };
		1DAA311C033600B1DDDD3076 /* SavedDrawing.swift */ = {isa = PBXFileReference; lastKnownFileType = sourcecode.swift; path = SavedDrawing.swift; sourceTree = "<group>"; };
		1DF2E3B9D1A0A13A038B20B8 /* ShadowEntityFactory.swift */ = {isa = PBXFileReference; lastKnownFileType = sourcecode.swift; path = ShadowEntityFactory.swift; sourceTree = "<group>"; };
		1F0850761218A200FA8B9746 /* ArtworkRepository.swift */ = {isa = PBXFileReference; lastKnownFileType = sourcecode.swift; path = ArtworkRepository.swift; sourceTree = "<group>"; };
		1F3C60D05A8A680C5F5AC01A /* AudioAsset.swift */ = {isa = PBXFileReference; lastKnownFileType = sourcecode.swift; path = AudioAsset.swift; sourceTree = "<group>"; };
		2451402279F2F05AC71AA2C2 /* UIImage+Vision.swift */ = {isa = PBXFileReference; lastKnownFileType = sourcecode.swift; path = "UIImage+Vision.swift"; sourceTree = "<group>"; };
		2510A11311659E0CA86DE7DC /* CutoutRigAnalysis.swift */ = {isa = PBXFileReference; lastKnownFileType = sourcecode.swift; path = CutoutRigAnalysis.swift; sourceTree = "<group>"; };
		25D3CE7871EC04C6486457B0 /* HanddrawnDetailView.swift */ = {isa = PBXFileReference; lastKnownFileType = sourcecode.swift; path = HanddrawnDetailView.swift; sourceTree = "<group>"; };
		279B4A313348267A9459540B /* ClassifiedCutoutFactory.swift */ = {isa = PBXFileReference; lastKnownFileType = sourcecode.swift; path = ClassifiedCutoutFactory.swift; sourceTree = "<group>"; };
		28C93ED0E5BF6740E0D2AF3C /* CutoutDeformation.metal */ = {isa = PBXFileReference; lastKnownFileType = sourcecode.metal; path = CutoutDeformation.metal; sourceTree = "<group>"; };
		2B6CE2B44118FFDA8D6BD234 /* AniMagic.app */ = {isa = PBXFileReference; explicitFileType = wrapper.application; includeInIndex = 0; path = AniMagic.app; sourceTree = BUILT_PRODUCTS_DIR; };
		2BBA987867DEE41501405418 /* USDZModelPlacement.swift */ = {isa = PBXFileReference; lastKnownFileType = sourcecode.swift; path = USDZModelPlacement.swift; sourceTree = "<group>"; };
		2F29BCF89178C64B4739A2AB /* AnimalSpeciesClassifierV4.mlpackage */ = {isa = PBXFileReference; lastKnownFileType = folder.mlpackage; path = AnimalSpeciesClassifierV4.mlpackage; sourceTree = "<group>"; };
		3008F9139DC3DE1CEAB9110A /* ARPlacementControls.swift */ = {isa = PBXFileReference; lastKnownFileType = sourcecode.swift; path = ARPlacementControls.swift; sourceTree = "<group>"; };
		A3E2D9C7B4F8106A23D1C5E8 /* ARReturnRecoveryView.swift */ = {isa = PBXFileReference; lastKnownFileType = sourcecode.swift; path = ARReturnRecoveryView.swift; sourceTree = "<group>"; };
		30AF0946854BC84F07AC8FE7 /* CutoutLibraryViewModel.swift */ = {isa = PBXFileReference; lastKnownFileType = sourcecode.swift; path = CutoutLibraryViewModel.swift; sourceTree = "<group>"; };
		3109A1C2F38EA9D1B09AC761 /* DrawingView.swift */ = {isa = PBXFileReference; lastKnownFileType = sourcecode.swift; path = DrawingView.swift; sourceTree = "<group>"; };
		312B749BA41546EFAD11957D /* Belanosima-SemiBold.ttf */ = {isa = PBXFileReference; lastKnownFileType = file; path = "Belanosima-SemiBold.ttf"; sourceTree = "<group>"; };
		374F07DE0B3BD252E95351AC /* ArtworkCategory.swift */ = {isa = PBXFileReference; lastKnownFileType = sourcecode.swift; path = ArtworkCategory.swift; sourceTree = "<group>"; };
		3D53C994E9C15ADE91725C33 /* TokyoSpringAmbience.mp3 */ = {isa = PBXFileReference; lastKnownFileType = audio.mp3; path = TokyoSpringAmbience.mp3; sourceTree = "<group>"; };
		3D845F0194D1C9C9AAC61B74 /* CanvasPageView.swift */ = {isa = PBXFileReference; lastKnownFileType = sourcecode.swift; path = CanvasPageView.swift; sourceTree = "<group>"; };
		3FADFE5DFDF659D454E3BA77 /* ApplePencilARInteractionAdapter.swift */ = {isa = PBXFileReference; lastKnownFileType = sourcecode.swift; path = ApplePencilARInteractionAdapter.swift; sourceTree = "<group>"; };
		45EEFB3CA9E6E41E8EF5F863 /* HapticFeedback.swift */ = {isa = PBXFileReference; lastKnownFileType = sourcecode.swift; path = HapticFeedback.swift; sourceTree = "<group>"; };
		497E64ECEAF6E2DD0D33FF60 /* PlacedCutout.swift */ = {isa = PBXFileReference; lastKnownFileType = sourcecode.swift; path = PlacedCutout.swift; sourceTree = "<group>"; };
		4C42A5F7827BC9BF52320A58 /* CheckerboardBackground.swift */ = {isa = PBXFileReference; lastKnownFileType = sourcecode.swift; path = CheckerboardBackground.swift; sourceTree = "<group>"; };
		4CED9A2C7B028CCDA510DB13 /* ContentView.swift */ = {isa = PBXFileReference; lastKnownFileType = sourcecode.swift; path = ContentView.swift; sourceTree = "<group>"; };
		4D95C0DEC311CC7C5F91F8FA /* RoomCoordinator.swift */ = {isa = PBXFileReference; lastKnownFileType = sourcecode.swift; path = RoomCoordinator.swift; sourceTree = "<group>"; };
		4F276AC999DC428A1F9AF535 /* SidebarbarBackpack.swift */ = {isa = PBXFileReference; lastKnownFileType = sourcecode.swift; path = SidebarbarBackpack.swift; sourceTree = "<group>"; };
		50A7D02F1E536442E29D49D9 /* NativeCameraView.swift */ = {isa = PBXFileReference; lastKnownFileType = sourcecode.swift; path = NativeCameraView.swift; sourceTree = "<group>"; };
		526F6226738360D3BFA9F745 /* HelpPageView.swift */ = {isa = PBXFileReference; lastKnownFileType = sourcecode.swift; path = HelpPageView.swift; sourceTree = "<group>"; };
		572B13DCC5615E1E3C5D41CB /* GuidePopupView.swift */ = {isa = PBXFileReference; lastKnownFileType = sourcecode.swift; path = GuidePopupView.swift; sourceTree = "<group>"; };
		57C1199A190239AB9F6B73E6 /* NativeCameraPreview.swift */ = {isa = PBXFileReference; lastKnownFileType = sourcecode.swift; path = NativeCameraPreview.swift; sourceTree = "<group>"; };
		5C6FAB161403EB91BD9E76BD /* NativeCameraViewModel.swift */ = {isa = PBXFileReference; lastKnownFileType = sourcecode.swift; path = NativeCameraViewModel.swift; sourceTree = "<group>"; };
		5CBCB32D841B71E6C923F0A7 /* CanvasTopBarView.swift */ = {isa = PBXFileReference; lastKnownFileType = sourcecode.swift; path = CanvasTopBarView.swift; sourceTree = "<group>"; };
		5F6458A3C1D6EDF4E10B748B /* DoodleClassificationCoordinator.swift */ = {isa = PBXFileReference; lastKnownFileType = sourcecode.swift; path = DoodleClassificationCoordinator.swift; sourceTree = "<group>"; };
		68EB8098C2BC51B88A259A2B /* DrawingSessionManager.swift */ = {isa = PBXFileReference; lastKnownFileType = sourcecode.swift; path = DrawingSessionManager.swift; sourceTree = "<group>"; };
		6B6D46834DBB24A132289CD5 /* RealityRoomView.swift */ = {isa = PBXFileReference; lastKnownFileType = sourcecode.swift; path = RealityRoomView.swift; sourceTree = "<group>"; };
		6CB2E9D62A1F93685BEBEDC7 /* LocomotionConfiguration.swift */ = {isa = PBXFileReference; lastKnownFileType = sourcecode.swift; path = LocomotionConfiguration.swift; sourceTree = "<group>"; };
		6DCB7CDB2CFDF948B9B48FD9 /* ARObjectPlacementRealityView.swift */ = {isa = PBXFileReference; lastKnownFileType = sourcecode.swift; path = ARObjectPlacementRealityView.swift; sourceTree = "<group>"; };
		6FCCE1078DBBA4BB18192325 /* CutoutAsset.swift */ = {isa = PBXFileReference; lastKnownFileType = sourcecode.swift; path = CutoutAsset.swift; sourceTree = "<group>"; };
		739E2CAAAF1E1DD518F9A6A3 /* ARViewInteractionAdapter.swift */ = {isa = PBXFileReference; lastKnownFileType = sourcecode.swift; path = ARViewInteractionAdapter.swift; sourceTree = "<group>"; };
		750DC07EB6914BEDCF2A09CD /* AudioSessionManager.swift */ = {isa = PBXFileReference; lastKnownFileType = sourcecode.swift; path = AudioSessionManager.swift; sourceTree = "<group>"; };
		777390A8652DBF52D2DA8707 /* WaterMelon.usdz */ = {isa = PBXFileReference; lastKnownFileType = file.usdz; path = WaterMelon.usdz; sourceTree = "<group>"; };
		7B45D397A15FAD98502288ED /* CutoutEntityFactory.swift */ = {isa = PBXFileReference; lastKnownFileType = sourcecode.swift; path = CutoutEntityFactory.swift; sourceTree = "<group>"; };
		7E95D21FD93F529ED803C3C9 /* Broccoli.usdz */ = {isa = PBXFileReference; lastKnownFileType = file.usdz; path = Broccoli.usdz; sourceTree = "<group>"; };
		8331F114D19F860980D9EF08 /* tap.mp3 */ = {isa = PBXFileReference; lastKnownFileType = audio.mp3; path = tap.mp3; sourceTree = "<group>"; };
		84F673B5D57078AAD0167A19 /* ArtworkPersistence.swift */ = {isa = PBXFileReference; lastKnownFileType = sourcecode.swift; path = ArtworkPersistence.swift; sourceTree = "<group>"; };
		8F279D10FEC954C0951476F9 /* VirtualRoomView.swift */ = {isa = PBXFileReference; lastKnownFileType = sourcecode.swift; path = VirtualRoomView.swift; sourceTree = "<group>"; };
		9778910D692B95FCDDDCC7BE /* SceneObjectRegistry.swift */ = {isa = PBXFileReference; lastKnownFileType = sourcecode.swift; path = SceneObjectRegistry.swift; sourceTree = "<group>"; };
		9CDE37149DAAF6E01CF8529B /* ARObjectPlacementView.swift */ = {isa = PBXFileReference; lastKnownFileType = sourcecode.swift; path = ARObjectPlacementView.swift; sourceTree = "<group>"; };
		9D2873D8CA1B4C80B771AC88 /* HanddrawnDetailComponents.swift */ = {isa = PBXFileReference; lastKnownFileType = sourcecode.swift; path = HanddrawnDetailComponents.swift; sourceTree = "<group>"; };
		9EE90F6412F5F369372EE9B1 /* BackgroundMusicController.swift */ = {isa = PBXFileReference; lastKnownFileType = sourcecode.swift; path = BackgroundMusicController.swift; sourceTree = "<group>"; };
		A099A1BD59FA4827168D1CE1 /* MotionLabView.swift */ = {isa = PBXFileReference; lastKnownFileType = sourcecode.swift; path = MotionLabView.swift; sourceTree = "<group>"; };
		A26A0FAF4B1151615789C36C /* InteractionModels.swift */ = {isa = PBXFileReference; lastKnownFileType = sourcecode.swift; path = InteractionModels.swift; sourceTree = "<group>"; };
		A2F1CE7084EE88134E097B8C /* MenuView.swift */ = {isa = PBXFileReference; lastKnownFileType = sourcecode.swift; path = MenuView.swift; sourceTree = "<group>"; };
		AAEF6055646F729702EE453A /* VirtualRoomModels.swift */ = {isa = PBXFileReference; lastKnownFileType = sourcecode.swift; path = VirtualRoomModels.swift; sourceTree = "<group>"; };
		AB493650D46766B4E150263A /* ArtworkLibraryStore.swift */ = {isa = PBXFileReference; lastKnownFileType = sourcecode.swift; path = ArtworkLibraryStore.swift; sourceTree = "<group>"; };
		AE185F0D5C9434A5A272154D /* Croissant.usdz */ = {isa = PBXFileReference; lastKnownFileType = file.usdz; path = Croissant.usdz; sourceTree = "<group>"; };
		AFF8732AED8B2D31AECF309E /* AnimagicApp.swift */ = {isa = PBXFileReference; lastKnownFileType = sourcecode.swift; path = AnimagicApp.swift; sourceTree = "<group>"; };
		AFFC32D15A82213222A8F663 /* FallingLeaf.usdz */ = {isa = PBXFileReference; lastKnownFileType = file.usdz; path = FallingLeaf.usdz; sourceTree = "<group>"; };
		B0E532B8632E07F098AFB3E6 /* Belanosima-Bold.ttf */ = {isa = PBXFileReference; lastKnownFileType = file; path = "Belanosima-Bold.ttf"; sourceTree = "<group>"; };
		B41D7E6F1C2A4D5098E7F603 /* ARSelectedContentIndicator.swift */ = {isa = PBXFileReference; lastKnownFileType = sourcecode.swift; path = ARSelectedContentIndicator.swift; sourceTree = "<group>"; };
		B4E58B3CC3AFC038C740AE7F /* Belanosima-Regular.ttf */ = {isa = PBXFileReference; lastKnownFileType = file; path = "Belanosima-Regular.ttf"; sourceTree = "<group>"; };
		BC4816B44B98083E8C5A2F20 /* VisionForegroundCutoutProcessor.swift */ = {isa = PBXFileReference; lastKnownFileType = sourcecode.swift; path = VisionForegroundCutoutProcessor.swift; sourceTree = "<group>"; };
		BDE0DA91DBB5B0E50525DB0F /* BackpackComponents.swift */ = {isa = PBXFileReference; lastKnownFileType = sourcecode.swift; path = BackpackComponents.swift; sourceTree = "<group>"; };
		C4B97E7F025CFC89380B03CD /* DrawingRasterizer.swift */ = {isa = PBXFileReference; lastKnownFileType = sourcecode.swift; path = DrawingRasterizer.swift; sourceTree = "<group>"; };
		C7C1BD8206822C9C1F1BE681 /* ObjectInteractionManager.swift */ = {isa = PBXFileReference; lastKnownFileType = sourcecode.swift; path = ObjectInteractionManager.swift; sourceTree = "<group>"; };
		C865A342D8F33249F737C2E3 /* ColorToken.swift */ = {isa = PBXFileReference; lastKnownFileType = sourcecode.swift; path = ColorToken.swift; sourceTree = "<group>"; };
		CE572D0F1E44166EB3C8BFE1 /* ShareSheet.swift */ = {isa = PBXFileReference; lastKnownFileType = sourcecode.swift; path = ShareSheet.swift; sourceTree = "<group>"; };
		D6F9B88EF207E0F2806EB8A8 /* ButtonSfx.mp3 */ = {isa = PBXFileReference; lastKnownFileType = audio.mp3; path = ButtonSfx.mp3; sourceTree = "<group>"; };
		DA28D97F5DBD8D73C5BAEA6B /* ARSceneController.swift */ = {isa = PBXFileReference; lastKnownFileType = sourcecode.swift; path = ARSceneController.swift; sourceTree = "<group>"; };
		DB73231B83858CE30A584E76 /* BackpackPageView.swift */ = {isa = PBXFileReference; lastKnownFileType = sourcecode.swift; path = BackpackPageView.swift; sourceTree = "<group>"; };
		DCC1965FB652E22D336B0E28 /* SoftShadowTexture.swift */ = {isa = PBXFileReference; lastKnownFileType = sourcecode.swift; path = SoftShadowTexture.swift; sourceTree = "<group>"; };
		DDA245B2804A11B81BE7F3DF /* AppRoute+Modifier.swift */ = {isa = PBXFileReference; lastKnownFileType = sourcecode.swift; path = "AppRoute+Modifier.swift"; sourceTree = "<group>"; };
		DED0B6AC60C494DD24513C40 /* AppRoute.swift */ = {isa = PBXFileReference; lastKnownFileType = sourcecode.swift; path = AppRoute.swift; sourceTree = "<group>"; };
		DF3AE5F1149E5EE94DA83DCB /* CutoutLibraryCell.swift */ = {isa = PBXFileReference; lastKnownFileType = sourcecode.swift; path = CutoutLibraryCell.swift; sourceTree = "<group>"; };
		E67231FD4CC90120FA5A8816 /* CustomButton.swift */ = {isa = PBXFileReference; lastKnownFileType = sourcecode.swift; path = CustomButton.swift; sourceTree = "<group>"; };
		EDC59EFBE2CE6A234487AF61 /* SurfaceProjectors.swift */ = {isa = PBXFileReference; lastKnownFileType = sourcecode.swift; path = SurfaceProjectors.swift; sourceTree = "<group>"; };
		EF72DAD7EAE83E011DE1C6B0 /* CutoutProcessing.swift */ = {isa = PBXFileReference; lastKnownFileType = sourcecode.swift; path = CutoutProcessing.swift; sourceTree = "<group>"; };
		F24449E97DD175CB453743E9 /* NativeCameraComponent.swift */ = {isa = PBXFileReference; lastKnownFileType = sourcecode.swift; path = NativeCameraComponent.swift; sourceTree = "<group>"; };
		F562669B7E4A96F0C63DF7EB /* MotionOrientationStore.swift */ = {isa = PBXFileReference; lastKnownFileType = sourcecode.swift; path = MotionOrientationStore.swift; sourceTree = "<group>"; };
		F5AA0C57B0D509FD416F7127 /* HomeFloatingDecorations.swift */ = {isa = PBXFileReference; lastKnownFileType = sourcecode.swift; path = HomeFloatingDecorations.swift; sourceTree = "<group>"; };
		F65C15C726D6F18A4E95A1A9 /* CutoutSceneEditor.swift */ = {isa = PBXFileReference; lastKnownFileType = sourcecode.swift; path = CutoutSceneEditor.swift; sourceTree = "<group>"; };
		F79C4D0B0C89E59A55C61C77 /* MotionSimulation.swift */ = {isa = PBXFileReference; lastKnownFileType = sourcecode.swift; path = MotionSimulation.swift; sourceTree = "<group>"; };
		F7C14C40FA17AFA980F7B8EB /* CutoutRenderingResources.swift */ = {isa = PBXFileReference; lastKnownFileType = sourcecode.swift; path = CutoutRenderingResources.swift; sourceTree = "<group>"; };
		F7C74CD3B8EAD9B7B9BDA567 /* bgm_home.mp3 */ = {isa = PBXFileReference; lastKnownFileType = audio.mp3; path = bgm_home.mp3; sourceTree = "<group>"; };
		FB04EC14855FAFB18E2FF3CA /* RenderingExtensions.swift */ = {isa = PBXFileReference; lastKnownFileType = sourcecode.swift; path = RenderingExtensions.swift; sourceTree = "<group>"; };
		FC0C395CEF5A822CFE8E9D80 /* NativeCameraPhotoLibrarySaver.swift */ = {isa = PBXFileReference; lastKnownFileType = sourcecode.swift; path = NativeCameraPhotoLibrarySaver.swift; sourceTree = "<group>"; };
/* End PBXFileReference section */

/* Begin PBXGroup section */
		07C190AA7BC73B0516B6DC89 /* Fonts */ = {
			isa = PBXGroup;
			children = (
				B0E532B8632E07F098AFB3E6 /* Belanosima-Bold.ttf */,
				B4E58B3CC3AFC038C740AE7F /* Belanosima-Regular.ttf */,
				312B749BA41546EFAD11957D /* Belanosima-SemiBold.ttf */,
			);
			path = Fonts;
			sourceTree = "<group>";
		};
		144AE8A48FDC59CD65F95DA7 /* Products */ = {
			isa = PBXGroup;
			children = (
				2B6CE2B44118FFDA8D6BD234 /* AniMagic.app */,
			);
			name = Products;
			sourceTree = "<group>";
		};
		14F490A5186D6FF0F5DD4D60 /* Canvas */ = {
			isa = PBXGroup;
			children = (
				3D845F0194D1C9C9AAC61B74 /* CanvasPageView.swift */,
				3109A1C2F38EA9D1B09AC761 /* DrawingView.swift */,
				572B13DCC5615E1E3C5D41CB /* GuidePopupView.swift */,
				83297F9812EA435100FDFDAA /* Components */,
			);
			path = Canvas;
			sourceTree = "<group>";
		};
		1B830F6172C8A48BE893FB52 /* State */ = {
			isa = PBXGroup;
			children = (
				68EB8098C2BC51B88A259A2B /* DrawingSessionManager.swift */,
			);
			path = State;
			sourceTree = "<group>";
		};
		3F370872313E0F6F949422A0 /* Animagic */ = {
			isa = PBXGroup;
			children = (
				87C5282AB968AF3DFECD4B6C /* App */,
				629085F7751D3B25386DEC5D /* Core */,
				D2752AB8B1077104BCBC53F2 /* Features */,
				A20C5CE1636AC7463ECFC4FD /* Resources */,
				653C6E6605EFE50843DF98FC /* Shared */,
			);
			path = Animagic;
			sourceTree = "<group>";
		};
		425BC06F4BE4BE184FF07CE2 /* ARPlacement */ = {
			isa = PBXGroup;
			children = (
				ACA070756A8D94BEEE3A974D /* Interaction */,
				9997B0E24658BAFA15BD0769 /* Motion */,
				F3DB86C071944C8515CAAA04 /* Presentation */,
				D618EF236CAA44F24F1D4ABB /* Scene */,
			);
			path = ARPlacement;
			sourceTree = "<group>";
		};
		45816CFC2C8390DDCE7EC5B9 /* Music */ = {
			isa = PBXGroup;
			children = (
				F7C74CD3B8EAD9B7B9BDA567 /* bgm_home.mp3 */,
			);
			path = Music;
			sourceTree = "<group>";
		};
		589C2C3F421A8314AD2DDED4 /* Components */ = {
			isa = PBXGroup;
			children = (
				9D2873D8CA1B4C80B771AC88 /* HanddrawnDetailComponents.swift */,
			);
			path = Components;
			sourceTree = "<group>";
		};
		5D6782BAF85E6912C50BC905 /* Standalone */ = {
			isa = PBXGroup;
			children = (
				FC0C395CEF5A822CFE8E9D80 /* NativeCameraPhotoLibrarySaver.swift */,
				57C1199A190239AB9F6B73E6 /* NativeCameraPreview.swift */,
				50A7D02F1E536442E29D49D9 /* NativeCameraView.swift */,
				5C6FAB161403EB91BD9E76BD /* NativeCameraViewModel.swift */,
				11763A92E0DA7FC72D433444 /* StandalonePlaceholderView.swift */,
				B4BC7B5A4D96D48FF2391EC7 /* Components */,
			);
			path = Standalone;
			sourceTree = "<group>";
		};
		6051DEF4E13484984B7629BF /* Home */ = {
			isa = PBXGroup;
			children = (
				4CED9A2C7B028CCDA510DB13 /* ContentView.swift */,
				A2F1CE7084EE88134E097B8C /* MenuView.swift */,
				681A4477E91473DA253F23D9 /* Components */,
			);
			path = Home;
			sourceTree = "<group>";
		};
		61001F5A481727DB171398DE /* SFX */ = {
			isa = PBXGroup;
			children = (
				D6F9B88EF207E0F2806EB8A8 /* ButtonSfx.mp3 */,
				8331F114D19F860980D9EF08 /* tap.mp3 */,
			);
			path = SFX;
			sourceTree = "<group>";
		};
		629085F7751D3B25386DEC5D /* Core */ = {
			isa = PBXGroup;
			children = (
				6CC91E044008BEAE67D45102 /* Audio */,
				B67730A80F71BA26317A20F5 /* Haptics */,
				C9257253F98C3E88C58B19EF /* ImageProcessing */,
				C6262D8B1DCDACFD0B4E779A /* Models */,
				AAEB6CEF83FF72CC7DF52A5A /* Persistence */,
				E730617ACBD4EAE602F3215D /* Rendering */,
				D2CAA9303FA6EF6CA28F14B3 /* Stores */,
			);
			path = Core;
			sourceTree = "<group>";
		};
		653C6E6605EFE50843DF98FC /* Shared */ = {
			isa = PBXGroup;
			children = (
				6B5DDB79A34D595499A29477 /* DesignSystem */,
				E1595704C0263C367F958CE5 /* UI */,
			);
			path = Shared;
			sourceTree = "<group>";
		};
		681A4477E91473DA253F23D9 /* Components */ = {
			isa = PBXGroup;
			children = (
				E67231FD4CC90120FA5A8816 /* CustomButton.swift */,
				F5AA0C57B0D509FD416F7127 /* HomeFloatingDecorations.swift */,
			);
			path = Components;
			sourceTree = "<group>";
		};
		6B5DDB79A34D595499A29477 /* DesignSystem */ = {
			isa = PBXGroup;
			children = (
				1988D6EAD5F91961541F92FF /* AnimagicDesignSystem.swift */,
				C865A342D8F33249F737C2E3 /* ColorToken.swift */,
				4F276AC999DC428A1F9AF535 /* SidebarbarBackpack.swift */,
			);
			path = DesignSystem;
			sourceTree = "<group>";
		};
		6CC91E044008BEAE67D45102 /* Audio */ = {
			isa = PBXGroup;
			children = (
				1F3C60D05A8A680C5F5AC01A /* AudioAsset.swift */,
				19D044F34FEBE90F2C670DAF /* AudioManager.swift */,
				750DC07EB6914BEDCF2A09CD /* AudioSessionManager.swift */,
				9EE90F6412F5F369372EE9B1 /* BackgroundMusicController.swift */,
			);
			path = Audio;
			sourceTree = "<group>";
		};
		7B20F4F77875A39FF4DB85AF /* Backpack */ = {
			isa = PBXGroup;
			children = (
				DB73231B83858CE30A584E76 /* BackpackPageView.swift */,
				EBD843A6A7B10E9029AB2CD8 /* Components */,
			);
			path = Backpack;
			sourceTree = "<group>";
		};
		83297F9812EA435100FDFDAA /* Components */ = {
			isa = PBXGroup;
			children = (
				5CBCB32D841B71E6C923F0A7 /* CanvasTopBarView.swift */,
			);
			path = Components;
			sourceTree = "<group>";
		};
		84B89C5C3EA3F1C662E022E3 /* HanddrawnDetail */ = {
			isa = PBXGroup;
			children = (
				25D3CE7871EC04C6486457B0 /* HanddrawnDetailView.swift */,
				589C2C3F421A8314AD2DDED4 /* Components */,
			);
			path = HanddrawnDetail;
			sourceTree = "<group>";
		};
		84EA2F52992B787344A9052B /* VirtualRoom */ = {
			isa = PBXGroup;
			children = (
				6B6D46834DBB24A132289CD5 /* RealityRoomView.swift */,
				4D95C0DEC311CC7C5F91F8FA /* RoomCoordinator.swift */,
				AAEF6055646F729702EE453A /* VirtualRoomModels.swift */,
				8F279D10FEC954C0951476F9 /* VirtualRoomView.swift */,
			);
			path = VirtualRoom;
			sourceTree = "<group>";
		};
		85E9A3908509B440159D825D /* Audio */ = {
			isa = PBXGroup;
			children = (
				45816CFC2C8390DDCE7EC5B9 /* Music */,
				61001F5A481727DB171398DE /* SFX */,
			);
			path = Audio;
			sourceTree = "<group>";
		};
		87C5282AB968AF3DFECD4B6C /* App */ = {
			isa = PBXGroup;
			children = (
				AFF8732AED8B2D31AECF309E /* AnimagicApp.swift */,
				AC1F31D5B32B70DB84DEFB70 /* Navigation */,
				1B830F6172C8A48BE893FB52 /* State */,
			);
			path = App;
			sourceTree = "<group>";
		};
		898A53523C12E836562C2AB0 = {
			isa = PBXGroup;
			children = (
				3F370872313E0F6F949422A0 /* Animagic */,
				144AE8A48FDC59CD65F95DA7 /* Products */,
			);
			sourceTree = "<group>";
		};
		93FEA22E85B5715D3C5868D8 /* Models */ = {
			isa = PBXGroup;
			children = (
				2F29BCF89178C64B4739A2AB /* AnimalSpeciesClassifierV4.mlpackage */,
			);
			path = Models;
			sourceTree = "<group>";
		};
		996FBEB960A9A6946B240901 /* Help */ = {
			isa = PBXGroup;
			children = (
				526F6226738360D3BFA9F745 /* HelpPageView.swift */,
			);
			path = Help;
			sourceTree = "<group>";
		};
		9997B0E24658BAFA15BD0769 /* Motion */ = {
			isa = PBXGroup;
			children = (
				6CB2E9D62A1F93685BEBEDC7 /* LocomotionConfiguration.swift */,
				A099A1BD59FA4827168D1CE1 /* MotionLabView.swift */,
				F79C4D0B0C89E59A55C61C77 /* MotionSimulation.swift */,
				497E64ECEAF6E2DD0D33FF60 /* PlacedCutout.swift */,
			);
			path = Motion;
			sourceTree = "<group>";
		};
		A0699E86CB5BE10927B5BA4F /* CutoutLibrary */ = {
			isa = PBXGroup;
			children = (
				1D7AB03B73A29D857926064C /* CutoutLibraryView.swift */,
				30AF0946854BC84F07AC8FE7 /* CutoutLibraryViewModel.swift */,
				CF767B0FDCA90F087029E5EF /* Components */,
			);
			path = CutoutLibrary;
			sourceTree = "<group>";
		};
		A20C5CE1636AC7463ECFC4FD /* Resources */ = {
			isa = PBXGroup;
			children = (
				1056000C4958CB23F9F1962F /* Assets.xcassets */,
				85E9A3908509B440159D825D /* Audio */,
				07C190AA7BC73B0516B6DC89 /* Fonts */,
				93FEA22E85B5715D3C5868D8 /* Models */,
				E41C1D5B0E5FFFA1E7520CB2 /* VirtualRoom */,
			);
			path = Resources;
			sourceTree = "<group>";
		};
		AAEB6CEF83FF72CC7DF52A5A /* Persistence */ = {
			isa = PBXGroup;
			children = (
				84F673B5D57078AAD0167A19 /* ArtworkPersistence.swift */,
				1F0850761218A200FA8B9746 /* ArtworkRepository.swift */,
			);
			path = Persistence;
			sourceTree = "<group>";
		};
		AC1F31D5B32B70DB84DEFB70 /* Navigation */ = {
			isa = PBXGroup;
			children = (
				DED0B6AC60C494DD24513C40 /* AppRoute.swift */,
				DDA245B2804A11B81BE7F3DF /* AppRoute+Modifier.swift */,
			);
			path = Navigation;
			sourceTree = "<group>";
		};
		ACA070756A8D94BEEE3A974D /* Interaction */ = {
			isa = PBXGroup;
			children = (
				3FADFE5DFDF659D454E3BA77 /* ApplePencilARInteractionAdapter.swift */,
				739E2CAAAF1E1DD518F9A6A3 /* ARViewInteractionAdapter.swift */,
				A26A0FAF4B1151615789C36C /* InteractionModels.swift */,
				C7C1BD8206822C9C1F1BE681 /* ObjectInteractionManager.swift */,
				9778910D692B95FCDDDCC7BE /* SceneObjectRegistry.swift */,
				EDC59EFBE2CE6A234487AF61 /* SurfaceProjectors.swift */,
			);
			path = Interaction;
			sourceTree = "<group>";
		};
		B4BC7B5A4D96D48FF2391EC7 /* Components */ = {
			isa = PBXGroup;
			children = (
				06573462B1119264F3AD812E /* ExpandableActionMenu.swift */,
				F24449E97DD175CB453743E9 /* NativeCameraComponent.swift */,
			);
			path = Components;
			sourceTree = "<group>";
		};
		B67730A80F71BA26317A20F5 /* Haptics */ = {
			isa = PBXGroup;
			children = (
				45EEFB3CA9E6E41E8EF5F863 /* HapticFeedback.swift */,
			);
			path = Haptics;
			sourceTree = "<group>";
		};
		C6262D8B1DCDACFD0B4E779A /* Models */ = {
			isa = PBXGroup;
			children = (
				374F07DE0B3BD252E95351AC /* ArtworkCategory.swift */,
				6FCCE1078DBBA4BB18192325 /* CutoutAsset.swift */,
				1DAA311C033600B1DDDD3076 /* SavedDrawing.swift */,
			);
			path = Models;
			sourceTree = "<group>";
		};
		C9257253F98C3E88C58B19EF /* ImageProcessing */ = {
			isa = PBXGroup;
			children = (
				279B4A313348267A9459540B /* ClassifiedCutoutFactory.swift */,
				EF72DAD7EAE83E011DE1C6B0 /* CutoutProcessing.swift */,
				003938F0BA9A6E339E0A3DF7 /* DoodleClassification.swift */,
				5F6458A3C1D6EDF4E10B748B /* DoodleClassificationCoordinator.swift */,
				C4B97E7F025CFC89380B03CD /* DrawingRasterizer.swift */,
				0926F18D139B17F4D179B401 /* PhotoLibrarySaver.swift */,
				2451402279F2F05AC71AA2C2 /* UIImage+Vision.swift */,
				BC4816B44B98083E8C5A2F20 /* VisionForegroundCutoutProcessor.swift */,
			);
			path = ImageProcessing;
			sourceTree = "<group>";
		};
		CF767B0FDCA90F087029E5EF /* Components */ = {
			isa = PBXGroup;
			children = (
				4C42A5F7827BC9BF52320A58 /* CheckerboardBackground.swift */,
				DF3AE5F1149E5EE94DA83DCB /* CutoutLibraryCell.swift */,
			);
			path = Components;
			sourceTree = "<group>";
		};
		D2752AB8B1077104BCBC53F2 /* Features */ = {
			isa = PBXGroup;
			children = (
				425BC06F4BE4BE184FF07CE2 /* ARPlacement */,
				7B20F4F77875A39FF4DB85AF /* Backpack */,
				14F490A5186D6FF0F5DD4D60 /* Canvas */,
				A0699E86CB5BE10927B5BA4F /* CutoutLibrary */,
				84B89C5C3EA3F1C662E022E3 /* HanddrawnDetail */,
				996FBEB960A9A6946B240901 /* Help */,
				6051DEF4E13484984B7629BF /* Home */,
				5D6782BAF85E6912C50BC905 /* Standalone */,
				84EA2F52992B787344A9052B /* VirtualRoom */,
			);
			path = Features;
			sourceTree = "<group>";
		};
		D2CAA9303FA6EF6CA28F14B3 /* Stores */ = {
			isa = PBXGroup;
			children = (
				AB493650D46766B4E150263A /* ArtworkLibraryStore.swift */,
			);
			path = Stores;
			sourceTree = "<group>";
		};
		D618EF236CAA44F24F1D4ABB /* Scene */ = {
			isa = PBXGroup;
			children = (
				6DCB7CDB2CFDF948B9B48FD9 /* ARObjectPlacementRealityView.swift */,
				DA28D97F5DBD8D73C5BAEA6B /* ARSceneController.swift */,
				7B45D397A15FAD98502288ED /* CutoutEntityFactory.swift */,
				07954F7435CB09E69BD4E42C /* NewARPlacementView.swift */,
				1DF2E3B9D1A0A13A038B20B8 /* ShadowEntityFactory.swift */,
				2BBA987867DEE41501405418 /* USDZModelPlacement.swift */,
			);
			path = Scene;
			sourceTree = "<group>";
		};
		E1595704C0263C367F958CE5 /* UI */ = {
			isa = PBXGroup;
			children = (
				CE572D0F1E44166EB3C8BFE1 /* ShareSheet.swift */,
			);
			path = UI;
			sourceTree = "<group>";
		};
		E41C1D5B0E5FFFA1E7520CB2 /* VirtualRoom */ = {
			isa = PBXGroup;
			children = (
				14A60964229B227465EE8AD4 /* Birds.usdz */,
				7E95D21FD93F529ED803C3C9 /* Broccoli.usdz */,
				AE185F0D5C9434A5A272154D /* Croissant.usdz */,
				AFFC32D15A82213222A8F663 /* FallingLeaf.usdz */,
				3D53C994E9C15ADE91725C33 /* TokyoSpringAmbience.mp3 */,
				15945EA983940214C874F789 /* TreeStump.usdz */,
				777390A8652DBF52D2DA8707 /* WaterMelon.usdz */,
			);
			path = VirtualRoom;
			sourceTree = "<group>";
		};
		E730617ACBD4EAE602F3215D /* Rendering */ = {
			isa = PBXGroup;
			children = (
				28C93ED0E5BF6740E0D2AF3C /* CutoutDeformation.metal */,
				F7C14C40FA17AFA980F7B8EB /* CutoutRenderingResources.swift */,
				2510A11311659E0CA86DE7DC /* CutoutRigAnalysis.swift */,
				F65C15C726D6F18A4E95A1A9 /* CutoutSceneEditor.swift */,
				F562669B7E4A96F0C63DF7EB /* MotionOrientationStore.swift */,
				FB04EC14855FAFB18E2FF3CA /* RenderingExtensions.swift */,
				DCC1965FB652E22D336B0E28 /* SoftShadowTexture.swift */,
			);
			path = Rendering;
			sourceTree = "<group>";
		};
		EBD843A6A7B10E9029AB2CD8 /* Components */ = {
			isa = PBXGroup;
			children = (
				BDE0DA91DBB5B0E50525DB0F /* BackpackComponents.swift */,
			);
			path = Components;
			sourceTree = "<group>";
		};
		F3DB86C071944C8515CAAA04 /* Presentation */ = {
			isa = PBXGroup;
			children = (
				9CDE37149DAAF6E01CF8529B /* ARObjectPlacementView.swift */,
				3008F9139DC3DE1CEAB9110A /* ARPlacementControls.swift */,
				A3E2D9C7B4F8106A23D1C5E8 /* ARReturnRecoveryView.swift */,
				B41D7E6F1C2A4D5098E7F603 /* ARSelectedContentIndicator.swift */,
			);
			path = Presentation;
			sourceTree = "<group>";
		};
/* End PBXGroup section */

/* Begin PBXNativeTarget section */
		602C903EE6969F7210360538 /* AniMagic */ = {
			isa = PBXNativeTarget;
			buildConfigurationList = B18CB6BD29797FB56B4A6E31 /* Build configuration list for PBXNativeTarget "AniMagic" */;
			buildPhases = (
				0D022ED0551782D1764681EA /* Sources */,
				9D002397F4273668E4CFDCE6 /* Resources */,
			);
			buildRules = (
			);
			dependencies = (
			);
			name = AniMagic;
			packageProductDependencies = (
			);
			productName = AniMagic;
			productReference = 2B6CE2B44118FFDA8D6BD234 /* AniMagic.app */;
			productType = "com.apple.product-type.application";
		};
/* End PBXNativeTarget section */

/* Begin PBXProject section */
		6530D52A17AF24FE0A1C6728 /* Project object */ = {
			isa = PBXProject;
			attributes = {
				BuildIndependentTargetsInParallel = YES;
				LastUpgradeCheck = 1430;
				TargetAttributes = {
					602C903EE6969F7210360538 = {
						ProvisioningStyle = Automatic;
					};
				};
			};
			buildConfigurationList = 74F1245031E0906762807C29 /* Build configuration list for PBXProject "AniMagic" */;
			developmentRegion = en;
			hasScannedForEncodings = 0;
			knownRegions = (
				Base,
				en,
			);
			mainGroup = 898A53523C12E836562C2AB0;
			minimizedProjectReferenceProxies = 1;
			preferredProjectObjectVersion = 77;
			productRefGroup = 144AE8A48FDC59CD65F95DA7 /* Products */;
			projectDirPath = "";
			projectRoot = "";
			targets = (
				602C903EE6969F7210360538 /* AniMagic */,
			);
		};
/* End PBXProject section */

/* Begin PBXResourcesBuildPhase section */
		9D002397F4273668E4CFDCE6 /* Resources */ = {
			isa = PBXResourcesBuildPhase;
			buildActionMask = 2147483647;
			files = (
				22647653FD6285E5B2C2ED7F /* Assets.xcassets in Resources */,
				11D70B5B2D9EDB69935949BA /* Belanosima-Bold.ttf in Resources */,
				1C57FA6C7B83384C09BE445E /* Belanosima-Regular.ttf in Resources */,
				D174C1ADB23E22980A38F6F0 /* Belanosima-SemiBold.ttf in Resources */,
				238238874722D44037214247 /* Birds.usdz in Resources */,
				7B9A5F927CDACF2F8DB5BD14 /* Broccoli.usdz in Resources */,
				35DBB73FBA018A10878D0ECC /* ButtonSfx.mp3 in Resources */,
				92AEEB6F65B29F698511F4E7 /* Croissant.usdz in Resources */,
				14A8997CC7320C06837A1E6D /* FallingLeaf.usdz in Resources */,
				23536E21FFD49AE328B19683 /* TokyoSpringAmbience.mp3 in Resources */,
				6D5CDA8CFFB5656A02CB12F6 /* TreeStump.usdz in Resources */,
				B6D2B25EE793BC67808DF3EF /* WaterMelon.usdz in Resources */,
				2450F58C34EAD53998B320DF /* bgm_home.mp3 in Resources */,
				B831F7BADE370181A7AA4C6A /* tap.mp3 in Resources */,
			);
			runOnlyForDeploymentPostprocessing = 0;
		};
/* End PBXResourcesBuildPhase section */

/* Begin PBXSourcesBuildPhase section */
		0D022ED0551782D1764681EA /* Sources */ = {
			isa = PBXSourcesBuildPhase;
			buildActionMask = 2147483647;
			files = (
				78B68279909933EA3C6FA541 /* ARObjectPlacementRealityView.swift in Sources */,
				3A12C5CC4943AED59E538F00 /* ARObjectPlacementView.swift in Sources */,
				777E5C8E290C9B74ACD98DA4 /* ARPlacementControls.swift in Sources */,
				A3E2D9C7B4F8106A23D1C5E7 /* ARReturnRecoveryView.swift in Sources */,
				D92A6C4E8B1F3A5076D9E204 /* ARSelectedContentIndicator.swift in Sources */,
				D81889DC54FAE6A3174B8E84 /* ARSceneController.swift in Sources */,
				F763E61BFE2A0E6DEFA1AA10 /* ARViewInteractionAdapter.swift in Sources */,
				C7254D1AA89D96211679FACE /* AnimagicApp.swift in Sources */,
				D3A4B65177902205E6DC1D57 /* AnimagicDesignSystem.swift in Sources */,
				0FD34B809229902CBC8B93E4 /* AnimalSpeciesClassifierV4.mlpackage in Sources */,
				D52111E5D1DD25FE1499B7AD /* AppRoute+Modifier.swift in Sources */,
				AAF9A1180AE8B759F265B5C0 /* AppRoute.swift in Sources */,
				13BCCC3DD2022C8E128E547F /* ApplePencilARInteractionAdapter.swift in Sources */,
				4C0833C4B1468F1303B4D042 /* ArtworkCategory.swift in Sources */,
				9F88C33710832994271AE469 /* ArtworkLibraryStore.swift in Sources */,
				EA98195D4C8D7961DE1681B7 /* ArtworkPersistence.swift in Sources */,
				A23419E6C14868EADE6A710E /* ArtworkRepository.swift in Sources */,
				58B38D15B4AC93EC46B47599 /* AudioAsset.swift in Sources */,
				770D5195FCE4F19DF4BA122A /* AudioManager.swift in Sources */,
				AB4D82FA26FAF5126F3A512F /* AudioSessionManager.swift in Sources */,
				13C2B40F3AFF373384C6C980 /* BackgroundMusicController.swift in Sources */,
				FF835DCF8EF6498E779F0342 /* BackpackComponents.swift in Sources */,
				5B65D23140A6A9FD8616DFD1 /* BackpackPageView.swift in Sources */,
				52951D7CBBCED01D1286B30A /* CanvasPageView.swift in Sources */,
				8F977B647FCFB7DB2650BD66 /* CanvasTopBarView.swift in Sources */,
				729EDAB09EC71129954688C1 /* CheckerboardBackground.swift in Sources */,
				DECBBFB607F1055C91694EC1 /* ClassifiedCutoutFactory.swift in Sources */,
				7CEF23E11CC5EA193748F74E /* ColorToken.swift in Sources */,
				53D0A252C7C4C216EAD2CA04 /* ContentView.swift in Sources */,
				60E9D44AB586AA0761609532 /* CustomButton.swift in Sources */,
				8B9B9FECFAC163B376AA1EA9 /* CutoutAsset.swift in Sources */,
				B23CB37854263F4F6F449842 /* CutoutDeformation.metal in Sources */,
				A16FBDA90F84D5CFD65AE756 /* CutoutEntityFactory.swift in Sources */,
				5ECC2E7EA7F00AEE2202411A /* CutoutLibraryCell.swift in Sources */,
				8C3CB096710C0F7ACEFE478F /* CutoutLibraryView.swift in Sources */,
				87681B09FE24242A14664D7E /* CutoutLibraryViewModel.swift in Sources */,
				33C7B3934EE46C001FFCB4F4 /* CutoutProcessing.swift in Sources */,
				DB58553C7B62677B1F484FC1 /* CutoutRenderingResources.swift in Sources */,
				9D439EC03C5A72F3802DE170 /* CutoutRigAnalysis.swift in Sources */,
				94364846B4A9176583B7DCCD /* CutoutSceneEditor.swift in Sources */,
				B7CC4CE9B0856E5000E30720 /* DoodleClassification.swift in Sources */,
				79BA8D0499B8FA9652D7FA07 /* DoodleClassificationCoordinator.swift in Sources */,
				FF941C308B8B099A0C0349E2 /* DrawingRasterizer.swift in Sources */,
				F5F96B3C3217F11A9A3C21D7 /* DrawingSessionManager.swift in Sources */,
				14E0F3A22664BD8E21247DCB /* DrawingView.swift in Sources */,
				FD2F7FAEC722957CB90D7DD0 /* ExpandableActionMenu.swift in Sources */,
				26693A08C4414095B014E834 /* GuidePopupView.swift in Sources */,
				1EFBB4E950682F2E1B83B960 /* HanddrawnDetailComponents.swift in Sources */,
				B0E8EBFAE7337A52B64093D5 /* HanddrawnDetailView.swift in Sources */,
				6995E07D55F8C2B65FBC8520 /* HapticFeedback.swift in Sources */,
				5F408F8BEDDE48489A3354E0 /* HelpPageView.swift in Sources */,
				CC15A56C951BE36EFF11D4C6 /* HomeFloatingDecorations.swift in Sources */,
				CB4F7EBFD0CB351569DFFEF4 /* InteractionModels.swift in Sources */,
				B11353851029BABE500F4A33 /* LocomotionConfiguration.swift in Sources */,
				8235E49425717B0E8D593972 /* MenuView.swift in Sources */,
				C6497AEB1DDBC615135BAD80 /* MotionLabView.swift in Sources */,
				D4A34EFEB486D6AC736DA3C2 /* MotionOrientationStore.swift in Sources */,
				5DC5C0675EF4255ED7A443AC /* MotionSimulation.swift in Sources */,
				40CD2E69C46CBF46BBFBD627 /* NativeCameraComponent.swift in Sources */,
				3B17930B7D49F78B8961394B /* NativeCameraPhotoLibrarySaver.swift in Sources */,
				EC0BF8E0F69BBFFE35B038E7 /* NativeCameraPreview.swift in Sources */,
				027D3EF78BC8C0C78C93C0A1 /* NativeCameraView.swift in Sources */,
				8F7C3A695681B127019DC85A /* NativeCameraViewModel.swift in Sources */,
				815A5F2730DBF9F00DB94FDB /* NewARPlacementView.swift in Sources */,
				5F3C8803632E53333AEE0A77 /* ObjectInteractionManager.swift in Sources */,
				BB53D54C605D2C5E98A784A2 /* PhotoLibrarySaver.swift in Sources */,
				5666F9C075BEE2EF7C39DC68 /* PlacedCutout.swift in Sources */,
				7CB7A117E3B1647F5D11674C /* RealityRoomView.swift in Sources */,
				4D1137274174644913C62FEB /* RenderingExtensions.swift in Sources */,
				52C8D2E955759C78310B26BE /* RoomCoordinator.swift in Sources */,
				6A0E3D60283807F212117D49 /* SavedDrawing.swift in Sources */,
				52A0FC23716282EDBFC2BBEC /* SceneObjectRegistry.swift in Sources */,
				860690FF4BD8959564D6ABBA /* ShadowEntityFactory.swift in Sources */,
				E409CAC5BEAA5A7364C61C24 /* ShareSheet.swift in Sources */,
				C5D9756043F6F67897DBB3F2 /* SidebarbarBackpack.swift in Sources */,
				861E7790D29BCAF6C06A0BD3 /* SoftShadowTexture.swift in Sources */,
				D3417E7C6E2E0C2D361E8AFA /* StandalonePlaceholderView.swift in Sources */,
				7ABEDE3824DF60C4DEF144D7 /* SurfaceProjectors.swift in Sources */,
				C32D72C63BCC2238F0B3AEB8 /* UIImage+Vision.swift in Sources */,
				D6AB40DEEC6444D08179A8D4 /* USDZModelPlacement.swift in Sources */,
				FFC7B65E3FBFAFCF239C1861 /* VirtualRoomModels.swift in Sources */,
				EC67889AF56BDE8DACB33C4C /* VirtualRoomView.swift in Sources */,
				FC3FA727CD38D1E3AEE4EA4D /* VisionForegroundCutoutProcessor.swift in Sources */,
			);
			runOnlyForDeploymentPostprocessing = 0;
		};
/* End PBXSourcesBuildPhase section */

/* Begin XCBuildConfiguration section */
		0B75A26D3DCEA23B81CE5728 /* Debug */ = {
			isa = XCBuildConfiguration;
			buildSettings = {
				ASSETCATALOG_COMPILER_APPICON_NAME = AppIcon;
				ASSETCATALOG_COMPILER_GLOBAL_ACCENT_COLOR_NAME = AccentColor;
				CODE_SIGN_IDENTITY = "iPhone Developer";
				CODE_SIGN_STYLE = Automatic;
				CURRENT_PROJECT_VERSION = 1;
				DEBUG_INFORMATION_FORMAT = dwarf;
				DEVELOPMENT_TEAM = DP5XP7C2AM;
				ENABLE_PREVIEWS = YES;
				GCC_PREPROCESSOR_DEFINITIONS = (
					"DEBUG=1",
					"$(inherited)",
				);
				GENERATE_INFOPLIST_FILE = YES;
				INFOPLIST_FILE = Animagic/Configuration/Info.plist;
				INFOPLIST_KEY_NSCameraUsageDescription = "This app requires camera access for AR functionality to place magic drawn animals into the real world.";
				INFOPLIST_KEY_NSMicrophoneUsageDescription = "This app requires microphone access to record audio with your camera videos.";
				INFOPLIST_KEY_NSPhotoLibraryAddUsageDescription = "This app requires access to save your magic drawings to your photo library.";
				INFOPLIST_KEY_UISupportedInterfaceOrientations_iPad = "UIInterfaceOrientationLandscapeLeft UIInterfaceOrientationLandscapeRight UIInterfaceOrientationPortrait UIInterfaceOrientationPortraitUpsideDown";
				IPHONEOS_DEPLOYMENT_TARGET = 18.0;
				LD_RUNPATH_SEARCH_PATHS = (
					"$(inherited)",
					"@executable_path/Frameworks",
				);
				MARKETING_VERSION = 1.0;
				MTL_ENABLE_DEBUG_INFO = INCLUDE_SOURCE;
				ONLY_ACTIVE_ARCH = YES;
				PRODUCT_BUNDLE_IDENTIFIER = com.DirouDough.AniMagic;
				PRODUCT_NAME = "$(TARGET_NAME)";
				SDKROOT = iphoneos;
				SWIFT_ACTIVE_COMPILATION_CONDITIONS = "DEBUG $(inherited)";
				SWIFT_APPROACHABLE_CONCURRENCY = YES;
				SWIFT_DEFAULT_ACTOR_ISOLATION = MainActor;
				SWIFT_EMIT_LOC_STRINGS = YES;
				SWIFT_OPTIMIZATION_LEVEL = "-Onone";
				TARGETED_DEVICE_FAMILY = "1,2";
				UISupportedInterfaceOrientations = "UIInterfaceOrientationLandscapeLeft UIInterfaceOrientationLandscapeRight";
			};
			name = Debug;
		};
		5FD4AB81F197E396C2F4BADB /* Debug */ = {
			isa = XCBuildConfiguration;
			buildSettings = {
				ALWAYS_SEARCH_USER_PATHS = NO;
				CLANG_ANALYZER_NONNULL = YES;
				CLANG_ANALYZER_NUMBER_OBJECT_CONVERSION = YES_AGGRESSIVE;
				CLANG_CXX_LANGUAGE_STANDARD = "gnu++14";
				CLANG_CXX_LIBRARY = "libc++";
				CLANG_ENABLE_MODULES = YES;
				CLANG_ENABLE_OBJC_ARC = YES;
				CLANG_ENABLE_OBJC_WEAK = YES;
				CLANG_WARN_BLOCK_CAPTURE_AUTORELEASING = YES;
				CLANG_WARN_BOOL_CONVERSION = YES;
				CLANG_WARN_COMMA = YES;
				CLANG_WARN_CONSTANT_CONVERSION = YES;
				CLANG_WARN_DEPRECATED_OBJC_IMPLEMENTATIONS = YES;
				CLANG_WARN_DIRECT_OBJC_ISA_USAGE = YES_ERROR;
				CLANG_WARN_DOCUMENTATION_COMMENTS = YES;
				CLANG_WARN_EMPTY_BODY = YES;
				CLANG_WARN_ENUM_CONVERSION = YES;
				CLANG_WARN_INFINITE_RECURSION = YES;
				CLANG_WARN_INT_CONVERSION = YES;
				CLANG_WARN_NON_LITERAL_NULL_CONVERSION = YES;
				CLANG_WARN_OBJC_IMPLICIT_RETAIN_SELF = YES;
				CLANG_WARN_OBJC_LITERAL_CONVERSION = YES;
				CLANG_WARN_OBJC_ROOT_CLASS = YES_ERROR;
				CLANG_WARN_QUOTED_INCLUDE_IN_FRAMEWORK_HEADER = YES;
				CLANG_WARN_RANGE_LOOP_ANALYSIS = YES;
				CLANG_WARN_STRICT_PROTOTYPES = YES;
				CLANG_WARN_SUSPICIOUS_MOVE = YES;
				CLANG_WARN_UNGUARDED_AVAILABILITY = YES_AGGRESSIVE;
				CLANG_WARN_UNREACHABLE_CODE = YES;
				CLANG_WARN__DUPLICATE_METHOD_MATCH = YES;
				COPY_PHASE_STRIP = NO;
				DEBUG_INFORMATION_FORMAT = dwarf;
				ENABLE_STRICT_OBJC_MSGSEND = YES;
				ENABLE_TESTABILITY = YES;
				GCC_C_LANGUAGE_STANDARD = gnu11;
				GCC_DYNAMIC_NO_PIC = NO;
				GCC_NO_COMMON_BLOCKS = YES;
				GCC_OPTIMIZATION_LEVEL = 0;
				GCC_PREPROCESSOR_DEFINITIONS = (
					"$(inherited)",
					"DEBUG=1",
				);
				GCC_WARN_64_TO_32_BIT_CONVERSION = YES;
				GCC_WARN_ABOUT_RETURN_TYPE = YES_ERROR;
				GCC_WARN_UNDECLARED_SELECTOR = YES;
				GCC_WARN_UNINITIALIZED_AUTOS = YES_AGGRESSIVE;
				GCC_WARN_UNUSED_FUNCTION = YES;
				GCC_WARN_UNUSED_VARIABLE = YES;
				IPHONEOS_DEPLOYMENT_TARGET = 18.0;
				MTL_ENABLE_DEBUG_INFO = INCLUDE_SOURCE;
				MTL_FAST_MATH = YES;
				ONLY_ACTIVE_ARCH = YES;
				PRODUCT_NAME = "$(TARGET_NAME)";
				SDKROOT = iphoneos;
				SWIFT_ACTIVE_COMPILATION_CONDITIONS = DEBUG;
				SWIFT_OPTIMIZATION_LEVEL = "-Onone";
				SWIFT_VERSION = 5.0;
			};
			name = Debug;
		};
		7CE87580F8F3B58AB1F03EF9 /* Release */ = {
			isa = XCBuildConfiguration;
			buildSettings = {
				ASSETCATALOG_COMPILER_APPICON_NAME = AppIcon;
				ASSETCATALOG_COMPILER_GLOBAL_ACCENT_COLOR_NAME = AccentColor;
				CODE_SIGN_IDENTITY = "iPhone Developer";
				CODE_SIGN_STYLE = Automatic;
				CURRENT_PROJECT_VERSION = 1;
				DEBUG_INFORMATION_FORMAT = "dwarf-with-dsym";
				DEVELOPMENT_TEAM = DP5XP7C2AM;
				ENABLE_PREVIEWS = YES;
				GENERATE_INFOPLIST_FILE = YES;
				INFOPLIST_FILE = Animagic/Configuration/Info.plist;
				INFOPLIST_KEY_NSCameraUsageDescription = "This app requires camera access for AR functionality to place magic drawn animals into the real world.";
				INFOPLIST_KEY_NSMicrophoneUsageDescription = "This app requires microphone access to record audio with your camera videos.";
				INFOPLIST_KEY_NSPhotoLibraryAddUsageDescription = "This app requires access to save your magic drawings to your photo library.";
				INFOPLIST_KEY_UISupportedInterfaceOrientations_iPad = "UIInterfaceOrientationLandscapeLeft UIInterfaceOrientationLandscapeRight UIInterfaceOrientationPortrait UIInterfaceOrientationPortraitUpsideDown";
				IPHONEOS_DEPLOYMENT_TARGET = 18.0;
				LD_RUNPATH_SEARCH_PATHS = (
					"$(inherited)",
					"@executable_path/Frameworks",
				);
				MARKETING_VERSION = 1.0;
				MTL_ENABLE_DEBUG_INFO = NO;
				PRODUCT_BUNDLE_IDENTIFIER = com.DirouDough.AniMagic;
				PRODUCT_NAME = "$(TARGET_NAME)";
				SDKROOT = iphoneos;
				SWIFT_APPROACHABLE_CONCURRENCY = YES;
				SWIFT_COMPILATION_MODE = wholemodule;
				SWIFT_DEFAULT_ACTOR_ISOLATION = MainActor;
				SWIFT_EMIT_LOC_STRINGS = YES;
				TARGETED_DEVICE_FAMILY = "1,2";
				UISupportedInterfaceOrientations = "UIInterfaceOrientationLandscapeLeft UIInterfaceOrientationLandscapeRight";
				VALIDATE_PRODUCT = YES;
			};
			name = Release;
		};
		D26406991232ED8B6BDA18ED /* Release */ = {
			isa = XCBuildConfiguration;
			buildSettings = {
				ALWAYS_SEARCH_USER_PATHS = NO;
				CLANG_ANALYZER_NONNULL = YES;
				CLANG_ANALYZER_NUMBER_OBJECT_CONVERSION = YES_AGGRESSIVE;
				CLANG_CXX_LANGUAGE_STANDARD = "gnu++14";
				CLANG_CXX_LIBRARY = "libc++";
				CLANG_ENABLE_MODULES = YES;
				CLANG_ENABLE_OBJC_ARC = YES;
				CLANG_ENABLE_OBJC_WEAK = YES;
				CLANG_WARN_BLOCK_CAPTURE_AUTORELEASING = YES;
				CLANG_WARN_BOOL_CONVERSION = YES;
				CLANG_WARN_COMMA = YES;
				CLANG_WARN_CONSTANT_CONVERSION = YES;
				CLANG_WARN_DEPRECATED_OBJC_IMPLEMENTATIONS = YES;
				CLANG_WARN_DIRECT_OBJC_ISA_USAGE = YES_ERROR;
				CLANG_WARN_DOCUMENTATION_COMMENTS = YES;
				CLANG_WARN_EMPTY_BODY = YES;
				CLANG_WARN_ENUM_CONVERSION = YES;
				CLANG_WARN_INFINITE_RECURSION = YES;
				CLANG_WARN_INT_CONVERSION = YES;
				CLANG_WARN_NON_LITERAL_NULL_CONVERSION = YES;
				CLANG_WARN_OBJC_IMPLICIT_RETAIN_SELF = YES;
				CLANG_WARN_OBJC_LITERAL_CONVERSION = YES;
				CLANG_WARN_OBJC_ROOT_CLASS = YES_ERROR;
				CLANG_WARN_QUOTED_INCLUDE_IN_FRAMEWORK_HEADER = YES;
				CLANG_WARN_RANGE_LOOP_ANALYSIS = YES;
				CLANG_WARN_STRICT_PROTOTYPES = YES;
				CLANG_WARN_SUSPICIOUS_MOVE = YES;
				CLANG_WARN_UNGUARDED_AVAILABILITY = YES_AGGRESSIVE;
				CLANG_WARN_UNREACHABLE_CODE = YES;
				CLANG_WARN__DUPLICATE_METHOD_MATCH = YES;
				COPY_PHASE_STRIP = NO;
				DEBUG_INFORMATION_FORMAT = "dwarf-with-dsym";
				ENABLE_NS_ASSERTIONS = NO;
				ENABLE_STRICT_OBJC_MSGSEND = YES;
				GCC_C_LANGUAGE_STANDARD = gnu11;
				GCC_NO_COMMON_BLOCKS = YES;
				GCC_WARN_64_TO_32_BIT_CONVERSION = YES;
				GCC_WARN_ABOUT_RETURN_TYPE = YES_ERROR;
				GCC_WARN_UNDECLARED_SELECTOR = YES;
				GCC_WARN_UNINITIALIZED_AUTOS = YES_AGGRESSIVE;
				GCC_WARN_UNUSED_FUNCTION = YES;
				GCC_WARN_UNUSED_VARIABLE = YES;
				IPHONEOS_DEPLOYMENT_TARGET = 18.0;
				MTL_ENABLE_DEBUG_INFO = NO;
				MTL_FAST_MATH = YES;
				PRODUCT_NAME = "$(TARGET_NAME)";
				SDKROOT = iphoneos;
				SWIFT_COMPILATION_MODE = wholemodule;
				SWIFT_OPTIMIZATION_LEVEL = "-O";
				SWIFT_VERSION = 5.0;
			};
			name = Release;
		};
/* End XCBuildConfiguration section */

/* Begin XCConfigurationList section */
		74F1245031E0906762807C29 /* Build configuration list for PBXProject "AniMagic" */ = {
			isa = XCConfigurationList;
			buildConfigurations = (
				5FD4AB81F197E396C2F4BADB /* Debug */,
				D26406991232ED8B6BDA18ED /* Release */,
			);
			defaultConfigurationIsVisible = 0;
			defaultConfigurationName = Debug;
		};
		B18CB6BD29797FB56B4A6E31 /* Build configuration list for PBXNativeTarget "AniMagic" */ = {
			isa = XCConfigurationList;
			buildConfigurations = (
				0B75A26D3DCEA23B81CE5728 /* Debug */,
				7CE87580F8F3B58AB1F03EF9 /* Release */,
			);
			defaultConfigurationIsVisible = 0;
			defaultConfigurationName = Debug;
		};
/* End XCConfigurationList section */
	};
	rootObject = 6530D52A17AF24FE0A1C6728 /* Project object */;
}
